
Microsoft Visual Studio Solution File, Format Version 12.00
# Visual Studio Version 16
VisualStudioVersion = 16.0.30204.135
MinimumVisualStudioVersion = 10.0.40219.1
Project("{FAE04EC0-301F-11D3-BF4B-00C04F79EFBC}") = "FunctionProxyDemo", "FunctionProxyDemo\FunctionProxyDemo.csproj", "{62FBF540-5E8D-4371-8C9B-6E3C8CAA6A9A}"
EndProject
Global
	GlobalSection(SolutionConfigurationPlatforms) = preSolution
		Debug|Any CPU = Debug|Any CPU
		Release|Any CPU = Release|Any CPU
	EndGlobalSection
	GlobalSection(ProjectConfigurationPlatforms) = postSolution
		{62FBF540-5E8D-4371-8C9B-6E3C8CAA6A9A}.Debug|Any CPU.ActiveCfg = Debug|Any CPU
		{62FBF540-5E8D-4371-8C9B-6E3C8CAA6A9A}.Debug|Any CPU.Build.0 = Debug|Any CPU
		{62FBF540-5E8D-4371-8C9B-6E3C8CAA6A9A}.Release|Any CPU.ActiveCfg = Release|Any CPU
		{62FBF540-5E8D-4371-8C9B-6E3C8CAA6A9A}.Release|Any CPU.Build.0 = Release|Any CPU
	EndGlobalSection
	GlobalSection(SolutionProperties) = preSolution
		HideSolutionNode = FALSE
	EndGlobalSection
	GlobalSection(ExtensibilityGlobals) = postSolution
		SolutionGuid = {377F3ECA-623C-4813-B721-63876FFE1BEE}
	EndGlobalSection
EndGlobal
